schema = 1

[record]
captured_at_utc = "2026-09-04T16:17:04Z"
purpose = "Phase 1 repository and upstream-context snapshot"

[inspection.phase_3]
executed_at_utc = "2026-09-04T17:46:14Z"
scope = "fully relativistic NC-UPF metadata and current scalar nonlocal path"
runtime_status = "PASS: raw parse succeeded; DFTK construction was separately rejected as unsupported"

[workbench]
repository = "https://github.com/xxs4661/dftk-soc-workbench"
visibility = "public"
branch_at_preflight = "main"
commit_at_preflight = "unborn branch; no commit existed"
origin_fetch = "https://github.com/xxs4661/dftk-soc-workbench.git"
origin_push = "https://github.com/xxs4661/dftk-soc-workbench.git"

[upstream.dftk]
repository = "https://github.com/JuliaMolSim/DFTK.jl"
default_branch = "master"
observed_commit = "2f51b91213e26726fb9c6a17e5fae235a1412d01"
role = "upstream context only; not modified"

[upstream.issue_526]
url = "https://github.com/JuliaMolSim/DFTK.jl/issues/526"
title = "Non-collinear magnetism"
state_at_capture = "open"
updated_at_utc = "2023-12-14T08:18:09Z"

[upstream.issue_1272]
url = "https://github.com/JuliaMolSim/DFTK.jl/issues/1272"
title = "Making noncollinear calculation (`spin_polarization=:full`) enabled/supported"
state_at_capture = "open"
updated_at_utc = "2026-02-28T16:02:04Z"

[upstream.pull_1273]
url = "https://github.com/JuliaMolSim/DFTK.jl/pull/1273"
title = "Noncollinear (`spin_polarization=:full`) calculation added"
state_at_capture = "open and unmerged"
updated_at_utc = "2026-03-04T09:50:26Z"

[fork.dftk]
repository = "https://github.com/xxs4661/DFTK.jl"
parent = "https://github.com/JuliaMolSim/DFTK.jl"
visibility = "public"
default_branch = "master"
exists_at_capture = true
modified_by_phase_1 = false

[reference.quantum_espresso]
repository_or_release = "pending verification"
commit = "pending verification"
role = "numerical reference only; no source translation"

[pseudopotentials]
selection = "dojo.nc.fr.pbesol.v0_4.stringent.upf / Mg.upf (inspection only)"
element = "Mg"
family_identifier = "dojo.nc.fr.pbesol.v0_4.stringent.upf"
file_name = "Mg.upf"
source_identifier = "PseudoPotentialData v0.3.2 / PseudoLibrary v0.2.1 artifact"
source_url = "https://github.com/JuliaMolSim/PseudoLibrary/releases/download/v0.2.1/dojo.nc.fr.pbesol.v0_4.stringent.upf.tar.gz"
artifact_git_tree_sha1 = "b9d31b902d479f27ebd6420c6e4cc0bb5281d8b0"
archive_sha256 = "30670649c0eb3f0537f64bf2ab98d1ebba005bdb72f07970673dacea2f3f2be4"
file_sha256 = "19b117bfa920945bffaee91eefbcfbf9fd44e035f3708b965aae59aabf3be256"
local_path = ".work/pseudos/Mg.upf"
relativistic = "full"
pseudo_type = "NC"
has_so = true
license_review = "not verified; file inspected locally only"
redistributed_files = false

[source.dftk]
repository = "https://github.com/xxs4661/DFTK.jl.git"
remote_url = "https://github.com/xxs4661/DFTK.jl.git"
upstream_remote_url = "https://github.com/JuliaMolSim/DFTK.jl.git"
branch_or_reference = "refs/heads/master"
commit = "2f51b91213e26726fb9c6a17e5fae235a1412d01"
retrieved_at_utc = "2026-09-04T16:41:26Z"
selection = "user fork"
checkout = ".work/DFTK.jl"

[source.pseudopotentialio]
repository = "https://github.com/JuliaMolSim/PseudoPotentialIO.jl.git"
remote_url = "https://github.com/JuliaMolSim/PseudoPotentialIO.jl.git"
branch_or_reference = "refs/heads/main"
commit = "fec942781560c391f20214ba4cd85fb2431deb84"
retrieved_at_utc = "2026-09-04T16:41:26Z"
selection = "upstream"
checkout = ".work/PseudoPotentialIO.jl"
